
Microsoft Visual Studio Solution File, Format Version 11.00
# Visual Studio 2010
Project("{FAE04EC0-301F-11D3-BF4B-00C04F79EFBC}") = "viviapi.WebUI", "viviapi.WebUI\viviapi.WebUI.csproj", "{B4B34B49-5C11-4837-99E6-CBC52C851354}"
	ProjectSection(ProjectDependencies) = postProject
		{1FC5360E-B2DA-4521-A123-8C176B8DDAD5} = {1FC5360E-B2DA-4521-A123-8C176B8DDAD5}
		{3AF0C114-51C1-4486-BC35-8CA008FF535F} = {3AF0C114-51C1-4486-BC35-8CA008FF535F}
		{9ECEC847-B14C-46D3-98DC-F9E15C7A8EC4} = {9ECEC847-B14C-46D3-98DC-F9E15C7A8EC4}
		{C89B6F5E-5C25-451C-8040-15551C40568E} = {C89B6F5E-5C25-451C-8040-15551C40568E}
		{A795B76C-6010-4191-AC7D-D2CE1FE3AC87} = {A795B76C-6010-4191-AC7D-D2CE1FE3AC87}
		{AC3F2790-6608-423D-A7C9-A67E4BE7CE18} = {AC3F2790-6608-423D-A7C9-A67E4BE7CE18}
		{11AA3596-90DA-4B69-802C-0E6F09962725} = {11AA3596-90DA-4B69-802C-0E6F09962725}
		{242A31B5-3B84-467D-A239-D9438CC9C4F0} = {242A31B5-3B84-467D-A239-D9438CC9C4F0}
		{655047D7-967B-41AE-BA41-1E41EC237A15} = {655047D7-967B-41AE-BA41-1E41EC237A15}
		{241161DB-3A11-4CF0-A147-9F3F1DC23D1C} = {241161DB-3A11-4CF0-A147-9F3F1DC23D1C}
	EndProjectSection
EndProject
Project("{FAE04EC0-301F-11D3-BF4B-00C04F79EFBC}") = "DBAccess", "DBAccess\DBAccess.csproj", "{9ECEC847-B14C-46D3-98DC-F9E15C7A8EC4}"
	ProjectSection(ProjectDependencies) = postProject
		{1FC5360E-B2DA-4521-A123-8C176B8DDAD5} = {1FC5360E-B2DA-4521-A123-8C176B8DDAD5}
		{AC3F2790-6608-423D-A7C9-A67E4BE7CE18} = {AC3F2790-6608-423D-A7C9-A67E4BE7CE18}
		{655047D7-967B-41AE-BA41-1E41EC237A15} = {655047D7-967B-41AE-BA41-1E41EC237A15}
	EndProjectSection
EndProject
Project("{FAE04EC0-301F-11D3-BF4B-00C04F79EFBC}") = "viviapi.Cache", "viviapi.Cache\viviapi.Cache.csproj", "{AC3F2790-6608-423D-A7C9-A67E4BE7CE18}"
	ProjectSection(ProjectDependencies) = postProject
		{1FC5360E-B2DA-4521-A123-8C176B8DDAD5} = {1FC5360E-B2DA-4521-A123-8C176B8DDAD5}
		{655047D7-967B-41AE-BA41-1E41EC237A15} = {655047D7-967B-41AE-BA41-1E41EC237A15}
	EndProjectSection
EndProject
Project("{FAE04EC0-301F-11D3-BF4B-00C04F79EFBC}") = "viviapi.DAL", "viviapi.DAL\viviapi.DAL.csproj", "{242A31B5-3B84-467D-A239-D9438CC9C4F0}"
	ProjectSection(ProjectDependencies) = postProject
		{1FC5360E-B2DA-4521-A123-8C176B8DDAD5} = {1FC5360E-B2DA-4521-A123-8C176B8DDAD5}
		{9ECEC847-B14C-46D3-98DC-F9E15C7A8EC4} = {9ECEC847-B14C-46D3-98DC-F9E15C7A8EC4}
	EndProjectSection
EndProject
Project("{FAE04EC0-301F-11D3-BF4B-00C04F79EFBC}") = "viviapi.DALFactory", "viviapi.DALFactory\viviapi.DALFactory.csproj", "{27EA515E-01D3-4677-AF40-F1E450A883FD}"
	ProjectSection(ProjectDependencies) = postProject
		{73E9AB11-7ADA-4D60-A258-A1BA1C44B78A} = {73E9AB11-7ADA-4D60-A258-A1BA1C44B78A}
		{655047D7-967B-41AE-BA41-1E41EC237A15} = {655047D7-967B-41AE-BA41-1E41EC237A15}
	EndProjectSection
EndProject
Project("{FAE04EC0-301F-11D3-BF4B-00C04F79EFBC}") = "viviapi.ETAPI", "viviapi.ETAPI\viviapi.ETAPI.csproj", "{29E57481-AB78-4CD4-B40B-2EE4B13D03A4}"
	ProjectSection(ProjectDependencies) = postProject
		{1FC5360E-B2DA-4521-A123-8C176B8DDAD5} = {1FC5360E-B2DA-4521-A123-8C176B8DDAD5}
		{AC3F2790-6608-423D-A7C9-A67E4BE7CE18} = {AC3F2790-6608-423D-A7C9-A67E4BE7CE18}
		{655047D7-967B-41AE-BA41-1E41EC237A15} = {655047D7-967B-41AE-BA41-1E41EC237A15}
	EndProjectSection
EndProject
Project("{FAE04EC0-301F-11D3-BF4B-00C04F79EFBC}") = "viviapi.IDAL", "viviapi.IDAL\viviapi.IDAL.csproj", "{73E9AB11-7ADA-4D60-A258-A1BA1C44B78A}"
	ProjectSection(ProjectDependencies) = postProject
		{1FC5360E-B2DA-4521-A123-8C176B8DDAD5} = {1FC5360E-B2DA-4521-A123-8C176B8DDAD5}
	EndProjectSection
EndProject
Project("{FAE04EC0-301F-11D3-BF4B-00C04F79EFBC}") = "viviapi.MSMQMessaging", "viviapi.MSMQMessaging\viviapi.MSMQMessaging.csproj", "{2B9174E7-56FF-4B67-BBBF-88BA6EF4E780}"
	ProjectSection(ProjectDependencies) = postProject
		{655047D7-967B-41AE-BA41-1E41EC237A15} = {655047D7-967B-41AE-BA41-1E41EC237A15}
	EndProjectSection
EndProject
Project("{FAE04EC0-301F-11D3-BF4B-00C04F79EFBC}") = "viviapi.SQLServerDAL", "viviapi.SQLServerDAL\viviapi.SQLServerDAL.csproj", "{A0D99BDA-8B55-4058-A491-BCC90537E487}"
	ProjectSection(ProjectDependencies) = postProject
		{1FC5360E-B2DA-4521-A123-8C176B8DDAD5} = {1FC5360E-B2DA-4521-A123-8C176B8DDAD5}
		{73E9AB11-7ADA-4D60-A258-A1BA1C44B78A} = {73E9AB11-7ADA-4D60-A258-A1BA1C44B78A}
		{9ECEC847-B14C-46D3-98DC-F9E15C7A8EC4} = {9ECEC847-B14C-46D3-98DC-F9E15C7A8EC4}
	EndProjectSection
EndProject
Project("{FAE04EC0-301F-11D3-BF4B-00C04F79EFBC}") = "viviapi.SysConfig", "viviapi.SysConfig\viviapi.SysConfig.csproj", "{655047D7-967B-41AE-BA41-1E41EC237A15}"
	ProjectSection(ProjectDependencies) = postProject
		{1FC5360E-B2DA-4521-A123-8C176B8DDAD5} = {1FC5360E-B2DA-4521-A123-8C176B8DDAD5}
	EndProjectSection
EndProject
Project("{FAE04EC0-301F-11D3-BF4B-00C04F79EFBC}") = "viviapi.WebComponents", "viviapi.WebComponents\viviapi.WebComponents.csproj", "{E1A11E67-5FA6-4907-8AFE-EA4FAD4748FA}"
	ProjectSection(ProjectDependencies) = postProject
		{1FC5360E-B2DA-4521-A123-8C176B8DDAD5} = {1FC5360E-B2DA-4521-A123-8C176B8DDAD5}
		{AC3F2790-6608-423D-A7C9-A67E4BE7CE18} = {AC3F2790-6608-423D-A7C9-A67E4BE7CE18}
		{655047D7-967B-41AE-BA41-1E41EC237A15} = {655047D7-967B-41AE-BA41-1E41EC237A15}
	EndProjectSection
EndProject
Project("{FAE04EC0-301F-11D3-BF4B-00C04F79EFBC}") = "viviLib", "viviLib\viviLib.csproj", "{1FC5360E-B2DA-4521-A123-8C176B8DDAD5}"
EndProject
Project("{FAE04EC0-301F-11D3-BF4B-00C04F79EFBC}") = "MessagingFactory", "MessagingFactory\MessagingFactory.csproj", "{5B904E4E-EDDD-4F05-864A-731A54F45E99}"
	ProjectSection(ProjectDependencies) = postProject
		{655047D7-967B-41AE-BA41-1E41EC237A15} = {655047D7-967B-41AE-BA41-1E41EC237A15}
	EndProjectSection
EndProject
Project("{FAE04EC0-301F-11D3-BF4B-00C04F79EFBC}") = "Utility", "Utility\Utility.csproj", "{F1DF6EDE-50C3-42A2-B8BC-07E3E899BBFC}"
EndProject
Project("{FAE04EC0-301F-11D3-BF4B-00C04F79EFBC}") = "viviapi.Gateway", "viviapi.Gateway\viviapi.Gateway.csproj", "{1AA6BB59-10E6-4F86-AB48-A2491A5BCA09}"
	ProjectSection(ProjectDependencies) = postProject
		{1FC5360E-B2DA-4521-A123-8C176B8DDAD5} = {1FC5360E-B2DA-4521-A123-8C176B8DDAD5}
		{3A126A0F-84D6-4328-8482-B7C24B6BA2B3} = {3A126A0F-84D6-4328-8482-B7C24B6BA2B3}
		{73E9AB11-7ADA-4D60-A258-A1BA1C44B78A} = {73E9AB11-7ADA-4D60-A258-A1BA1C44B78A}
		{3AF0C114-51C1-4486-BC35-8CA008FF535F} = {3AF0C114-51C1-4486-BC35-8CA008FF535F}
		{27EA515E-01D3-4677-AF40-F1E450A883FD} = {27EA515E-01D3-4677-AF40-F1E450A883FD}
		{C89B6F5E-5C25-451C-8040-15551C40568E} = {C89B6F5E-5C25-451C-8040-15551C40568E}
		{E1A11E67-5FA6-4907-8AFE-EA4FAD4748FA} = {E1A11E67-5FA6-4907-8AFE-EA4FAD4748FA}
		{A795B76C-6010-4191-AC7D-D2CE1FE3AC87} = {A795B76C-6010-4191-AC7D-D2CE1FE3AC87}
		{29E57481-AB78-4CD4-B40B-2EE4B13D03A4} = {29E57481-AB78-4CD4-B40B-2EE4B13D03A4}
		{AC3F2790-6608-423D-A7C9-A67E4BE7CE18} = {AC3F2790-6608-423D-A7C9-A67E4BE7CE18}
		{11AA3596-90DA-4B69-802C-0E6F09962725} = {11AA3596-90DA-4B69-802C-0E6F09962725}
		{242A31B5-3B84-467D-A239-D9438CC9C4F0} = {242A31B5-3B84-467D-A239-D9438CC9C4F0}
		{655047D7-967B-41AE-BA41-1E41EC237A15} = {655047D7-967B-41AE-BA41-1E41EC237A15}
		{A0D99BDA-8B55-4058-A491-BCC90537E487} = {A0D99BDA-8B55-4058-A491-BCC90537E487}
		{241161DB-3A11-4CF0-A147-9F3F1DC23D1C} = {241161DB-3A11-4CF0-A147-9F3F1DC23D1C}
		{2B9174E7-56FF-4B67-BBBF-88BA6EF4E780} = {2B9174E7-56FF-4B67-BBBF-88BA6EF4E780}
	EndProjectSection
EndProject
Project("{FAE04EC0-301F-11D3-BF4B-00C04F79EFBC}") = "MemcachedLib", "MemcachedLib\MemcachedLib.csproj", "{11AA3596-90DA-4B69-802C-0E6F09962725}"
EndProject
Project("{FAE04EC0-301F-11D3-BF4B-00C04F79EFBC}") = "ScpClient", "ScpClient\ScpClient.csproj", "{C89B6F5E-5C25-451C-8040-15551C40568E}"
EndProject
Project("{FAE04EC0-301F-11D3-BF4B-00C04F79EFBC}") = "XMLLib", "XMLLib\XMLLib.csproj", "{A795B76C-6010-4191-AC7D-D2CE1FE3AC87}"
EndProject
Project("{FAE04EC0-301F-11D3-BF4B-00C04F79EFBC}") = "viviapi.BLL", "viviapi.BLL\viviapi.BLL.csproj", "{3A126A0F-84D6-4328-8482-B7C24B6BA2B3}"
	ProjectSection(ProjectDependencies) = postProject
		{1FC5360E-B2DA-4521-A123-8C176B8DDAD5} = {1FC5360E-B2DA-4521-A123-8C176B8DDAD5}
		{73E9AB11-7ADA-4D60-A258-A1BA1C44B78A} = {73E9AB11-7ADA-4D60-A258-A1BA1C44B78A}
		{9ECEC847-B14C-46D3-98DC-F9E15C7A8EC4} = {9ECEC847-B14C-46D3-98DC-F9E15C7A8EC4}
		{5B904E4E-EDDD-4F05-864A-731A54F45E99} = {5B904E4E-EDDD-4F05-864A-731A54F45E99}
		{27EA515E-01D3-4677-AF40-F1E450A883FD} = {27EA515E-01D3-4677-AF40-F1E450A883FD}
		{C89B6F5E-5C25-451C-8040-15551C40568E} = {C89B6F5E-5C25-451C-8040-15551C40568E}
		{AC3F2790-6608-423D-A7C9-A67E4BE7CE18} = {AC3F2790-6608-423D-A7C9-A67E4BE7CE18}
		{242A31B5-3B84-467D-A239-D9438CC9C4F0} = {242A31B5-3B84-467D-A239-D9438CC9C4F0}
		{655047D7-967B-41AE-BA41-1E41EC237A15} = {655047D7-967B-41AE-BA41-1E41EC237A15}
	EndProjectSection
EndProject
Project("{FAE04EC0-301F-11D3-BF4B-00C04F79EFBC}") = "viviapi.Model", "viviapi.Model\viviapi.Model.csproj", "{E94B9E47-2A44-42C3-BFA5-072BF0B3F8CF}"
	ProjectSection(ProjectDependencies) = postProject
		{1FC5360E-B2DA-4521-A123-8C176B8DDAD5} = {1FC5360E-B2DA-4521-A123-8C176B8DDAD5}
	EndProjectSection
EndProject
Project("{FAE04EC0-301F-11D3-BF4B-00C04F79EFBC}") = "IBLLStrategy", "IBLLStrategy\IBLLStrategy.csproj", "{241161DB-3A11-4CF0-A147-9F3F1DC23D1C}"
	ProjectSection(ProjectDependencies) = postProject
		{E94B9E47-2A44-42C3-BFA5-072BF0B3F8CF} = {E94B9E47-2A44-42C3-BFA5-072BF0B3F8CF}
	EndProjectSection
EndProject
Project("{FAE04EC0-301F-11D3-BF4B-00C04F79EFBC}") = "IMessaging", "IMessaging\IMessaging.csproj", "{3AF0C114-51C1-4486-BC35-8CA008FF535F}"
	ProjectSection(ProjectDependencies) = postProject
		{E94B9E47-2A44-42C3-BFA5-072BF0B3F8CF} = {E94B9E47-2A44-42C3-BFA5-072BF0B3F8CF}
	EndProjectSection
EndProject
Global
	GlobalSection(SolutionConfigurationPlatforms) = preSolution
		Debug|Any CPU = Debug|Any CPU
		Release|Any CPU = Release|Any CPU
	EndGlobalSection
	GlobalSection(ProjectConfigurationPlatforms) = postSolution
		{B4B34B49-5C11-4837-99E6-CBC52C851354}.Debug|Any CPU.ActiveCfg = Debug|Any CPU
		{B4B34B49-5C11-4837-99E6-CBC52C851354}.Debug|Any CPU.Build.0 = Debug|Any CPU
		{B4B34B49-5C11-4837-99E6-CBC52C851354}.Release|Any CPU.ActiveCfg = Release|Any CPU
		{B4B34B49-5C11-4837-99E6-CBC52C851354}.Release|Any CPU.Build.0 = Release|Any CPU
		{9ECEC847-B14C-46D3-98DC-F9E15C7A8EC4}.Debug|Any CPU.ActiveCfg = Debug|Any CPU
		{9ECEC847-B14C-46D3-98DC-F9E15C7A8EC4}.Debug|Any CPU.Build.0 = Debug|Any CPU
		{9ECEC847-B14C-46D3-98DC-F9E15C7A8EC4}.Release|Any CPU.ActiveCfg = Release|Any CPU
		{9ECEC847-B14C-46D3-98DC-F9E15C7A8EC4}.Release|Any CPU.Build.0 = Release|Any CPU
		{AC3F2790-6608-423D-A7C9-A67E4BE7CE18}.Debug|Any CPU.ActiveCfg = Debug|Any CPU
		{AC3F2790-6608-423D-A7C9-A67E4BE7CE18}.Debug|Any CPU.Build.0 = Debug|Any CPU
		{AC3F2790-6608-423D-A7C9-A67E4BE7CE18}.Release|Any CPU.ActiveCfg = Release|Any CPU
		{AC3F2790-6608-423D-A7C9-A67E4BE7CE18}.Release|Any CPU.Build.0 = Release|Any CPU
		{242A31B5-3B84-467D-A239-D9438CC9C4F0}.Debug|Any CPU.ActiveCfg = Debug|Any CPU
		{242A31B5-3B84-467D-A239-D9438CC9C4F0}.Debug|Any CPU.Build.0 = Debug|Any CPU
		{242A31B5-3B84-467D-A239-D9438CC9C4F0}.Release|Any CPU.ActiveCfg = Release|Any CPU
		{242A31B5-3B84-467D-A239-D9438CC9C4F0}.Release|Any CPU.Build.0 = Release|Any CPU
		{27EA515E-01D3-4677-AF40-F1E450A883FD}.Debug|Any CPU.ActiveCfg = Debug|Any CPU
		{27EA515E-01D3-4677-AF40-F1E450A883FD}.Debug|Any CPU.Build.0 = Debug|Any CPU
		{27EA515E-01D3-4677-AF40-F1E450A883FD}.Release|Any CPU.ActiveCfg = Release|Any CPU
		{27EA515E-01D3-4677-AF40-F1E450A883FD}.Release|Any CPU.Build.0 = Release|Any CPU
		{29E57481-AB78-4CD4-B40B-2EE4B13D03A4}.Debug|Any CPU.ActiveCfg = Debug|Any CPU
		{29E57481-AB78-4CD4-B40B-2EE4B13D03A4}.Debug|Any CPU.Build.0 = Debug|Any CPU
		{29E57481-AB78-4CD4-B40B-2EE4B13D03A4}.Release|Any CPU.ActiveCfg = Release|Any CPU
		{29E57481-AB78-4CD4-B40B-2EE4B13D03A4}.Release|Any CPU.Build.0 = Release|Any CPU
		{73E9AB11-7ADA-4D60-A258-A1BA1C44B78A}.Debug|Any CPU.ActiveCfg = Debug|Any CPU
		{73E9AB11-7ADA-4D60-A258-A1BA1C44B78A}.Debug|Any CPU.Build.0 = Debug|Any CPU
		{73E9AB11-7ADA-4D60-A258-A1BA1C44B78A}.Release|Any CPU.ActiveCfg = Release|Any CPU
		{73E9AB11-7ADA-4D60-A258-A1BA1C44B78A}.Release|Any CPU.Build.0 = Release|Any CPU
		{2B9174E7-56FF-4B67-BBBF-88BA6EF4E780}.Debug|Any CPU.ActiveCfg = Debug|Any CPU
		{2B9174E7-56FF-4B67-BBBF-88BA6EF4E780}.Debug|Any CPU.Build.0 = Debug|Any CPU
		{2B9174E7-56FF-4B67-BBBF-88BA6EF4E780}.Release|Any CPU.ActiveCfg = Release|Any CPU
		{2B9174E7-56FF-4B67-BBBF-88BA6EF4E780}.Release|Any CPU.Build.0 = Release|Any CPU
		{A0D99BDA-8B55-4058-A491-BCC90537E487}.Debug|Any CPU.ActiveCfg = Debug|Any CPU
		{A0D99BDA-8B55-4058-A491-BCC90537E487}.Debug|Any CPU.Build.0 = Debug|Any CPU
		{A0D99BDA-8B55-4058-A491-BCC90537E487}.Release|Any CPU.ActiveCfg = Release|Any CPU
		{A0D99BDA-8B55-4058-A491-BCC90537E487}.Release|Any CPU.Build.0 = Release|Any CPU
		{655047D7-967B-41AE-BA41-1E41EC237A15}.Debug|Any CPU.ActiveCfg = Debug|Any CPU
		{655047D7-967B-41AE-BA41-1E41EC237A15}.Debug|Any CPU.Build.0 = Debug|Any CPU
		{655047D7-967B-41AE-BA41-1E41EC237A15}.Release|Any CPU.ActiveCfg = Release|Any CPU
		{655047D7-967B-41AE-BA41-1E41EC237A15}.Release|Any CPU.Build.0 = Release|Any CPU
		{E1A11E67-5FA6-4907-8AFE-EA4FAD4748FA}.Debug|Any CPU.ActiveCfg = Debug|Any CPU
		{E1A11E67-5FA6-4907-8AFE-EA4FAD4748FA}.Debug|Any CPU.Build.0 = Debug|Any CPU
		{E1A11E67-5FA6-4907-8AFE-EA4FAD4748FA}.Release|Any CPU.ActiveCfg = Release|Any CPU
		{E1A11E67-5FA6-4907-8AFE-EA4FAD4748FA}.Release|Any CPU.Build.0 = Release|Any CPU
		{1FC5360E-B2DA-4521-A123-8C176B8DDAD5}.Debug|Any CPU.ActiveCfg = Debug|Any CPU
		{1FC5360E-B2DA-4521-A123-8C176B8DDAD5}.Debug|Any CPU.Build.0 = Debug|Any CPU
		{1FC5360E-B2DA-4521-A123-8C176B8DDAD5}.Release|Any CPU.ActiveCfg = Release|Any CPU
		{1FC5360E-B2DA-4521-A123-8C176B8DDAD5}.Release|Any CPU.Build.0 = Release|Any CPU
		{5B904E4E-EDDD-4F05-864A-731A54F45E99}.Debug|Any CPU.ActiveCfg = Debug|Any CPU
		{5B904E4E-EDDD-4F05-864A-731A54F45E99}.Debug|Any CPU.Build.0 = Debug|Any CPU
		{5B904E4E-EDDD-4F05-864A-731A54F45E99}.Release|Any CPU.ActiveCfg = Release|Any CPU
		{5B904E4E-EDDD-4F05-864A-731A54F45E99}.Release|Any CPU.Build.0 = Release|Any CPU
		{F1DF6EDE-50C3-42A2-B8BC-07E3E899BBFC}.Debug|Any CPU.ActiveCfg = Debug|Any CPU
		{F1DF6EDE-50C3-42A2-B8BC-07E3E899BBFC}.Debug|Any CPU.Build.0 = Debug|Any CPU
		{F1DF6EDE-50C3-42A2-B8BC-07E3E899BBFC}.Release|Any CPU.ActiveCfg = Release|Any CPU
		{F1DF6EDE-50C3-42A2-B8BC-07E3E899BBFC}.Release|Any CPU.Build.0 = Release|Any CPU
		{1AA6BB59-10E6-4F86-AB48-A2491A5BCA09}.Debug|Any CPU.ActiveCfg = Debug|Any CPU
		{1AA6BB59-10E6-4F86-AB48-A2491A5BCA09}.Debug|Any CPU.Build.0 = Debug|Any CPU
		{1AA6BB59-10E6-4F86-AB48-A2491A5BCA09}.Release|Any CPU.ActiveCfg = Release|Any CPU
		{1AA6BB59-10E6-4F86-AB48-A2491A5BCA09}.Release|Any CPU.Build.0 = Release|Any CPU
		{11AA3596-90DA-4B69-802C-0E6F09962725}.Debug|Any CPU.ActiveCfg = Debug|Any CPU
		{11AA3596-90DA-4B69-802C-0E6F09962725}.Debug|Any CPU.Build.0 = Debug|Any CPU
		{11AA3596-90DA-4B69-802C-0E6F09962725}.Release|Any CPU.ActiveCfg = Release|Any CPU
		{11AA3596-90DA-4B69-802C-0E6F09962725}.Release|Any CPU.Build.0 = Release|Any CPU
		{C89B6F5E-5C25-451C-8040-15551C40568E}.Debug|Any CPU.ActiveCfg = Debug|Any CPU
		{C89B6F5E-5C25-451C-8040-15551C40568E}.Debug|Any CPU.Build.0 = Debug|Any CPU
		{C89B6F5E-5C25-451C-8040-15551C40568E}.Release|Any CPU.ActiveCfg = Release|Any CPU
		{C89B6F5E-5C25-451C-8040-15551C40568E}.Release|Any CPU.Build.0 = Release|Any CPU
		{A795B76C-6010-4191-AC7D-D2CE1FE3AC87}.Debug|Any CPU.ActiveCfg = Debug|Any CPU
		{A795B76C-6010-4191-AC7D-D2CE1FE3AC87}.Debug|Any CPU.Build.0 = Debug|Any CPU
		{A795B76C-6010-4191-AC7D-D2CE1FE3AC87}.Release|Any CPU.ActiveCfg = Release|Any CPU
		{A795B76C-6010-4191-AC7D-D2CE1FE3AC87}.Release|Any CPU.Build.0 = Release|Any CPU
		{3A126A0F-84D6-4328-8482-B7C24B6BA2B3}.Debug|Any CPU.ActiveCfg = Debug|Any CPU
		{3A126A0F-84D6-4328-8482-B7C24B6BA2B3}.Debug|Any CPU.Build.0 = Debug|Any CPU
		{3A126A0F-84D6-4328-8482-B7C24B6BA2B3}.Release|Any CPU.ActiveCfg = Release|Any CPU
		{3A126A0F-84D6-4328-8482-B7C24B6BA2B3}.Release|Any CPU.Build.0 = Release|Any CPU
		{E94B9E47-2A44-42C3-BFA5-072BF0B3F8CF}.Debug|Any CPU.ActiveCfg = Debug|Any CPU
		{E94B9E47-2A44-42C3-BFA5-072BF0B3F8CF}.Debug|Any CPU.Build.0 = Debug|Any CPU
		{E94B9E47-2A44-42C3-BFA5-072BF0B3F8CF}.Release|Any CPU.ActiveCfg = Release|Any CPU
		{E94B9E47-2A44-42C3-BFA5-072BF0B3F8CF}.Release|Any CPU.Build.0 = Release|Any CPU
		{241161DB-3A11-4CF0-A147-9F3F1DC23D1C}.Debug|Any CPU.ActiveCfg = Debug|Any CPU
		{241161DB-3A11-4CF0-A147-9F3F1DC23D1C}.Debug|Any CPU.Build.0 = Debug|Any CPU
		{241161DB-3A11-4CF0-A147-9F3F1DC23D1C}.Release|Any CPU.ActiveCfg = Release|Any CPU
		{241161DB-3A11-4CF0-A147-9F3F1DC23D1C}.Release|Any CPU.Build.0 = Release|Any CPU
		{3AF0C114-51C1-4486-BC35-8CA008FF535F}.Debug|Any CPU.ActiveCfg = Debug|Any CPU
		{3AF0C114-51C1-4486-BC35-8CA008FF535F}.Debug|Any CPU.Build.0 = Debug|Any CPU
		{3AF0C114-51C1-4486-BC35-8CA008FF535F}.Release|Any CPU.ActiveCfg = Release|Any CPU
		{3AF0C114-51C1-4486-BC35-8CA008FF535F}.Release|Any CPU.Build.0 = Release|Any CPU
	EndGlobalSection
	GlobalSection(SolutionProperties) = preSolution
		HideSolutionNode = FALSE
	EndGlobalSection
EndGlobal
